
Microsoft Visual Studio Solution File, Format Version 12.00
# Visual Studio Version 16
VisualStudioVersion = 16.0.31624.102
MinimumVisualStudioVersion = 10.0.40219.1
Project("{9A19103F-16F7-4668-BE54-9A1E7A4F7556}") = "HIN-ventures.Server", "HIN-ventures.Server\HIN-ventures.Server.csproj", "{39A8BD0C-754B-46F4-91B3-DE88941AF343}"
EndProject
Project("{9A19103F-16F7-4668-BE54-9A1E7A4F7556}") = "HIN-ventures.DataAccess", "HIN-ventures.DataAccess\HIN-ventures.DataAccess.csproj", "{BC4180D8-F94E-4D17-B25D-A3221EC144B5}"
EndProject
Project("{9A19103F-16F7-4668-BE54-9A1E7A4F7556}") = "HIN-ventures.Common", "HIN-ventures.Common\HIN-ventures.Common.csproj", "{9AD68D25-5BBF-4DE7-87DA-365BCAA55F95}"
EndProject
Project("{9A19103F-16F7-4668-BE54-9A1E7A4F7556}") = "HIN-ventures.Models", "HIN-ventures.Models\HIN-ventures.Models.csproj", "{816B7FA5-EE61-4C06-9679-E828565AAEF0}"
EndProject
Project("{9A19103F-16F7-4668-BE54-9A1E7A4F7556}") = "HIN-ventures.Business", "HIN-ventures.Business\HIN-ventures.Business.csproj", "{416EA9F5-AAD2-4B82-BE71-EA03C2B87879}"
EndProject
Project("{9A19103F-16F7-4668-BE54-9A1E7A4F7556}") = "HIN-ventures_Api", "HIN-ventures_Api\HIN-ventures_Api.csproj", "{60D5B7EC-DF08-4BE3-A9DC-302F9DC93B5F}"
EndProject
Project("{9A19103F-16F7-4668-BE54-9A1E7A4F7556}") = "HIN-ventures.Client", "HIN-ventures.Client\HIN-ventures.Client.csproj", "{4E16A089-4849-40A7-91EA-B79F21A64A9C}"
EndProject
Project("{9A19103F-16F7-4668-BE54-9A1E7A4F7556}") = "HIN-ventures.Shared", "HIN-ventures.Shared\HIN-ventures.Shared.csproj", "{7EFFC7B8-AF57-425C-8E68-88CB56DFD804}"
EndProject
Project("{9A19103F-16F7-4668-BE54-9A1E7A4F7556}") = "Crypto", "Crypto\Crypto.csproj", "{919E7447-BE94-426A-8438-8DAA545835C2}"
EndProject
Project("{9A19103F-16F7-4668-BE54-9A1E7A4F7556}") = "RepositoryTests", "FreelancerRepositoryTest\RepositoryTests.csproj", "{15688761-A4DB-463C-A165-F141DD44F959}"
EndProject
Project("{FAE04EC0-301F-11D3-BF4B-00C04F79EFBC}") = "HIN-ventures.Server.v2", "HIN-ventures.Server.v2\HIN-ventures.Server.v2.csproj", "{F6724289-B092-4AF3-9C58-E4E57C38E714}"
EndProject
Global
	GlobalSection(SolutionConfigurationPlatforms) = preSolution
		Debug|Any CPU = Debug|Any CPU
		Release|Any CPU = Release|Any CPU
	EndGlobalSection
	GlobalSection(ProjectConfigurationPlatforms) = postSolution
		{39A8BD0C-754B-46F4-91B3-DE88941AF343}.Debug|Any CPU.ActiveCfg = Debug|Any CPU
		{39A8BD0C-754B-46F4-91B3-DE88941AF343}.Debug|Any CPU.Build.0 = Debug|Any CPU
		{39A8BD0C-754B-46F4-91B3-DE88941AF343}.Release|Any CPU.ActiveCfg = Release|Any CPU
		{39A8BD0C-754B-46F4-91B3-DE88941AF343}.Release|Any CPU.Build.0 = Release|Any CPU
		{BC4180D8-F94E-4D17-B25D-A3221EC144B5}.Debug|Any CPU.ActiveCfg = Debug|Any CPU
		{BC4180D8-F94E-4D17-B25D-A3221EC144B5}.Debug|Any CPU.Build.0 = Debug|Any CPU
		{BC4180D8-F94E-4D17-B25D-A3221EC144B5}.Release|Any CPU.ActiveCfg = Release|Any CPU
		{BC4180D8-F94E-4D17-B25D-A3221EC144B5}.Release|Any CPU.Build.0 = Release|Any CPU
		{9AD68D25-5BBF-4DE7-87DA-365BCAA55F95}.Debug|Any CPU.ActiveCfg = Debug|Any CPU
		{9AD68D25-5BBF-4DE7-87DA-365BCAA55F95}.Debug|Any CPU.Build.0 = Debug|Any CPU
		{9AD68D25-5BBF-4DE7-87DA-365BCAA55F95}.Release|Any CPU.ActiveCfg = Release|Any CPU
		{9AD68D25-5BBF-4DE7-87DA-365BCAA55F95}.Release|Any CPU.Build.0 = Release|Any CPU
		{816B7FA5-EE61-4C06-9679-E828565AAEF0}.Debug|Any CPU.ActiveCfg = Debug|Any CPU
		{816B7FA5-EE61-4C06-9679-E828565AAEF0}.Debug|Any CPU.Build.0 = Debug|Any CPU
		{816B7FA5-EE61-4C06-9679-E828565AAEF0}.Release|Any CPU.ActiveCfg = Release|Any CPU
		{816B7FA5-EE61-4C06-9679-E828565AAEF0}.Release|Any CPU.Build.0 = Release|Any CPU
		{416EA9F5-AAD2-4B82-BE71-EA03C2B87879}.Debug|Any CPU.ActiveCfg = Debug|Any CPU
		{416EA9F5-AAD2-4B82-BE71-EA03C2B87879}.Debug|Any CPU.Build.0 = Debug|Any CPU
		{416EA9F5-AAD2-4B82-BE71-EA03C2B87879}.Release|Any CPU.ActiveCfg = Release|Any CPU
		{416EA9F5-AAD2-4B82-BE71-EA03C2B87879}.Release|Any CPU.Build.0 = Release|Any CPU
		{60D5B7EC-DF08-4BE3-A9DC-302F9DC93B5F}.Debug|Any CPU.ActiveCfg = Debug|Any CPU
		{60D5B7EC-DF08-4BE3-A9DC-302F9DC93B5F}.Debug|Any CPU.Build.0 = Debug|Any CPU
		{60D5B7EC-DF08-4BE3-A9DC-302F9DC93B5F}.Release|Any CPU.ActiveCfg = Release|Any CPU
		{60D5B7EC-DF08-4BE3-A9DC-302F9DC93B5F}.Release|Any CPU.Build.0 = Release|Any CPU
		{4E16A089-4849-40A7-91EA-B79F21A64A9C}.Debug|Any CPU.ActiveCfg = Debug|Any CPU
		{4E16A089-4849-40A7-91EA-B79F21A64A9C}.Debug|Any CPU.Build.0 = Debug|Any CPU
		{4E16A089-4849-40A7-91EA-B79F21A64A9C}.Release|Any CPU.ActiveCfg = Release|Any CPU
		{4E16A089-4849-40A7-91EA-B79F21A64A9C}.Release|Any CPU.Build.0 = Release|Any CPU
		{7EFFC7B8-AF57-425C-8E68-88CB56DFD804}.Debug|Any CPU.ActiveCfg = Debug|Any CPU
		{7EFFC7B8-AF57-425C-8E68-88CB56DFD804}.Debug|Any CPU.Build.0 = Debug|Any CPU
		{7EFFC7B8-AF57-425C-8E68-88CB56DFD804}.Release|Any CPU.ActiveCfg = Release|Any CPU
		{7EFFC7B8-AF57-425C-8E68-88CB56DFD804}.Release|Any CPU.Build.0 = Release|Any CPU
		{919E7447-BE94-426A-8438-8DAA545835C2}.Debug|Any CPU.ActiveCfg = Debug|Any CPU
		{919E7447-BE94-426A-8438-8DAA545835C2}.Debug|Any CPU.Build.0 = Debug|Any CPU
		{919E7447-BE94-426A-8438-8DAA545835C2}.Release|Any CPU.ActiveCfg = Release|Any CPU
		{919E7447-BE94-426A-8438-8DAA545835C2}.Release|Any CPU.Build.0 = Release|Any CPU
		{15688761-A4DB-463C-A165-F141DD44F959}.Debug|Any CPU.ActiveCfg = Debug|Any CPU
		{15688761-A4DB-463C-A165-F141DD44F959}.Debug|Any CPU.Build.0 = Debug|Any CPU
		{15688761-A4DB-463C-A165-F141DD44F959}.Release|Any CPU.ActiveCfg = Release|Any CPU
		{15688761-A4DB-463C-A165-F141DD44F959}.Release|Any CPU.Build.0 = Release|Any CPU
		{F6724289-B092-4AF3-9C58-E4E57C38E714}.Debug|Any CPU.ActiveCfg = Debug|Any CPU
		{F6724289-B092-4AF3-9C58-E4E57C38E714}.Debug|Any CPU.Build.0 = Debug|Any CPU
		{F6724289-B092-4AF3-9C58-E4E57C38E714}.Release|Any CPU.ActiveCfg = Release|Any CPU
		{F6724289-B092-4AF3-9C58-E4E57C38E714}.Release|Any CPU.Build.0 = Release|Any CPU
	EndGlobalSection
	GlobalSection(SolutionProperties) = preSolution
		HideSolutionNode = FALSE
	EndGlobalSection
	GlobalSection(ExtensibilityGlobals) = postSolution
		SolutionGuid = {3D79005B-2690-41A5-AF3F-3F554353AAE3}
	EndGlobalSection
EndGlobal
